Microsoft Visual Studio Solution File, Format Version 12.00
# Visual Studio Version 17
VisualStudioVersion = 17.5.2.0
MinimumVisualStudioVersion = 10.0.40219.1
Project("{FAE04EC0-301F-11D3-BF4B-00C04F79EFBC}") = "censudex-inventory-service-api", "censudex-inventory-service-api\censudex-inventory-service-api.csproj", "{45063600-AC8D-402D-5DBE-78D1BA2E35AC}"
EndProject
Global
	GlobalSection(SolutionConfigurationPlatforms) = preSolution
		Debug|Any CPU = Debug|Any CPU
		Release|Any CPU = Release|Any CPU
	EndGlobalSection
	GlobalSection(ProjectConfigurationPlatforms) = postSolution
		{45063600-AC8D-402D-5DBE-78D1BA2E35AC}.Debug|Any CPU.ActiveCfg = Debug|Any CPU
		{45063600-AC8D-402D-5DBE-78D1BA2E35AC}.Debug|Any CPU.Build.0 = Debug|Any CPU
		{45063600-AC8D-402D-5DBE-78D1BA2E35AC}.Release|Any CPU.ActiveCfg = Release|Any CPU
		{45063600-AC8D-402D-5DBE-78D1BA2E35AC}.Release|Any CPU.Build.0 = Release|Any CPU
	EndGlobalSection
	GlobalSection(SolutionProperties) = preSolution
		HideSolutionNode = FALSE
	EndGlobalSection
	GlobalSection(ExtensibilityGlobals) = postSolution
		SolutionGuid = {2C1BC3DB-1223-41C9-87DC-129DC6DA694C}
	EndGlobalSection
EndGlobal
